
Microsoft Visual Studio Solution File, Format Version 12.00
# Visual Studio Version 16
VisualStudioVersion = 16.0.30804.86
MinimumVisualStudioVersion = 10.0.40219.1
Project("{FAE04EC0-301F-11D3-BF4B-00C04F79EFBC}") = "Activity1Part2", "Activity1Part2\Activity1Part2.csproj", "{F3032DB6-2CD9-4E4E-9CB8-60A3DB6D6A3F}"
EndProject
Global
	GlobalSection(SolutionConfigurationPlatforms) = preSolution
		Debug|Any CPU = Debug|Any CPU
		Release|Any CPU = Release|Any CPU
	EndGlobalSection
	GlobalSection(ProjectConfigurationPlatforms) = postSolution
		{F3032DB6-2CD9-4E4E-9CB8-60A3DB6D6A3F}.Debug|Any CPU.ActiveCfg = Debug|Any CPU
		{F3032DB6-2CD9-4E4E-9CB8-60A3DB6D6A3F}.Debug|Any CPU.Build.0 = Debug|Any CPU
		{F3032DB6-2CD9-4E4E-9CB8-60A3DB6D6A3F}.Release|Any CPU.ActiveCfg = Release|Any CPU
		{F3032DB6-2CD9-4E4E-9CB8-60A3DB6D6A3F}.Release|Any CPU.Build.0 = Release|Any CPU
	EndGlobalSection
	GlobalSection(SolutionProperties) = preSolution
		HideSolutionNode = FALSE
	EndGlobalSection
	GlobalSection(ExtensibilityGlobals) = postSolution
		SolutionGuid = {0D47F546-15AF-4A6F-81CB-0BDE3AB367B8}
	EndGlobalSection
EndGlobal
