
Microsoft Visual Studio Solution File, Format Version 12.00
# Visual Studio Version 16
VisualStudioVersion = 16.0.30804.86
MinimumVisualStudioVersion = 10.0.40219.1
Project("{FAE04EC0-301F-11D3-BF4B-00C04F79EFBC}") = "Activity3Part1", "Activity3Part1\Activity3Part1.csproj", "{B85AE365-CFE7-4D32-969E-29343D024C96}"
EndProject
Global
	GlobalSection(SolutionConfigurationPlatforms) = preSolution
		Debug|Any CPU = Debug|Any CPU
		Release|Any CPU = Release|Any CPU
	EndGlobalSection
	GlobalSection(ProjectConfigurationPlatforms) = postSolution
		{B85AE365-CFE7-4D32-969E-29343D024C96}.Debug|Any CPU.ActiveCfg = Debug|Any CPU
		{B85AE365-CFE7-4D32-969E-29343D024C96}.Debug|Any CPU.Build.0 = Debug|Any CPU
		{B85AE365-CFE7-4D32-969E-29343D024C96}.Release|Any CPU.ActiveCfg = Release|Any CPU
		{B85AE365-CFE7-4D32-969E-29343D024C96}.Release|Any CPU.Build.0 = Release|Any CPU
	EndGlobalSection
	GlobalSection(SolutionProperties) = preSolution
		HideSolutionNode = FALSE
	EndGlobalSection
	GlobalSection(ExtensibilityGlobals) = postSolution
		SolutionGuid = {00BDE2C6-54CD-493F-8ED5-5FD3B0A74D67}
	EndGlobalSection
EndGlobal
