
Microsoft Visual Studio Solution File, Format Version 12.00
# Visual Studio Version 16
VisualStudioVersion = 16.0.30204.135
MinimumVisualStudioVersion = 10.0.40219.1
Project("{FAE04EC0-301F-11D3-BF4B-00C04F79EFBC}") = "MVCFirstApp", "MVCFirstApp\MVCFirstApp.csproj", "{DE6770B8-FAF8-4F93-9954-0D104BCE47DC}"
EndProject
Global
	GlobalSection(SolutionConfigurationPlatforms) = preSolution
		Debug|Any CPU = Debug|Any CPU
		Release|Any CPU = Release|Any CPU
	EndGlobalSection
	GlobalSection(ProjectConfigurationPlatforms) = postSolution
		{DE6770B8-FAF8-4F93-9954-0D104BCE47DC}.Debug|Any CPU.ActiveCfg = Debug|Any CPU
		{DE6770B8-FAF8-4F93-9954-0D104BCE47DC}.Debug|Any CPU.Build.0 = Debug|Any CPU
		{DE6770B8-FAF8-4F93-9954-0D104BCE47DC}.Release|Any CPU.ActiveCfg = Release|Any CPU
		{DE6770B8-FAF8-4F93-9954-0D104BCE47DC}.Release|Any CPU.Build.0 = Release|Any CPU
	EndGlobalSection
	GlobalSection(SolutionProperties) = preSolution
		HideSolutionNode = FALSE
	EndGlobalSection
	GlobalSection(ExtensibilityGlobals) = postSolution
		SolutionGuid = {54DF6239-DA78-4E89-8E25-E262CEBC414C}
	EndGlobalSection
EndGlobal
